
Microsoft Visual Studio Solution File, Format Version 12.00
# Visual Studio Version 16
VisualStudioVersion = 16.0.29926.136
MinimumVisualStudioVersion = 10.0.40219.1
Project("{FAE04EC0-301F-11D3-BF4B-00C04F79EFBC}") = "VigenereCipher.WPF.Test", "VigenereCipher.WPF.Test\VigenereCipher.WPF.Test.csproj", "{70714AEA-1299-4D0E-B72A-16CDC3E534AD}"
EndProject
Project("{FAE04EC0-301F-11D3-BF4B-00C04F79EFBC}") = "VigenereCipher.WPF", "VigenereCipher.WPF\VigenereCipher.WPF.csproj", "{D7BF5D09-9023-44DB-A3AB-385A7E2ACC96}"
EndProject
Global
	GlobalSection(SolutionConfigurationPlatforms) = preSolution
		Debug|Any CPU = Debug|Any CPU
		Release|Any CPU = Release|Any CPU
	EndGlobalSection
	GlobalSection(ProjectConfigurationPlatforms) = postSolution
		{70714AEA-1299-4D0E-B72A-16CDC3E534AD}.Debug|Any CPU.ActiveCfg = Debug|Any CPU
		{70714AEA-1299-4D0E-B72A-16CDC3E534AD}.Debug|Any CPU.Build.0 = Debug|Any CPU
		{70714AEA-1299-4D0E-B72A-16CDC3E534AD}.Release|Any CPU.ActiveCfg = Release|Any CPU
		{70714AEA-1299-4D0E-B72A-16CDC3E534AD}.Release|Any CPU.Build.0 = Release|Any CPU
		{D7BF5D09-9023-44DB-A3AB-385A7E2ACC96}.Debug|Any CPU.ActiveCfg = Debug|Any CPU
		{D7BF5D09-9023-44DB-A3AB-385A7E2ACC96}.Debug|Any CPU.Build.0 = Debug|Any CPU
		{D7BF5D09-9023-44DB-A3AB-385A7E2ACC96}.Release|Any CPU.ActiveCfg = Release|Any CPU
		{D7BF5D09-9023-44DB-A3AB-385A7E2ACC96}.Release|Any CPU.Build.0 = Release|Any CPU
	EndGlobalSection
	GlobalSection(SolutionProperties) = preSolution
		HideSolutionNode = FALSE
	EndGlobalSection
	GlobalSection(ExtensibilityGlobals) = postSolution
		SolutionGuid = {5482ED3E-9256-438C-B709-0B03463B4168}
	EndGlobalSection
EndGlobal
